
Microsoft Visual Studio Solution File, Format Version 12.00
# Visual Studio 15
VisualStudioVersion = 15.0.27130.2020
MinimumVisualStudioVersion = 10.0.40219.1
Project("{FAE04EC0-301F-11D3-BF4B-00C04F79EFBC}") = "MVC_Inline_Grid", "MVC_Inline_Grid\MVC_Inline_Grid.csproj", "{450CEA9F-533E-41B1-B929-453D72D803AB}"
EndProject
Global
	GlobalSection(SolutionConfigurationPlatforms) = preSolution
		Debug|Any CPU = Debug|Any CPU
		Release|Any CPU = Release|Any CPU
	EndGlobalSection
	GlobalSection(ProjectConfigurationPlatforms) = postSolution
		{450CEA9F-533E-41B1-B929-453D72D803AB}.Debug|Any CPU.ActiveCfg = Debug|Any CPU
		{450CEA9F-533E-41B1-B929-453D72D803AB}.Debug|Any CPU.Build.0 = Debug|Any CPU
		{450CEA9F-533E-41B1-B929-453D72D803AB}.Release|Any CPU.ActiveCfg = Release|Any CPU
		{450CEA9F-533E-41B1-B929-453D72D803AB}.Release|Any CPU.Build.0 = Release|Any CPU
	EndGlobalSection
	GlobalSection(SolutionProperties) = preSolution
		HideSolutionNode = FALSE
	EndGlobalSection
	GlobalSection(ExtensibilityGlobals) = postSolution
		SolutionGuid = {708A9237-3993-4EC0-94B8-44C79869BC58}
	EndGlobalSection
EndGlobal
